
Microsoft Visual Studio Solution File, Format Version 12.00
Project("{FAE04EC0-301F-11D3-BF4B-00C04F79EFBC}") = "AdventOfCode_2023", "AdventOfCode_2023\AdventOfCode_2023.csproj", "{E0DC0D7C-DFB0-4AC3-B30A-D25A11E45CE3}"
EndProject
Project("{FAE04EC0-301F-11D3-BF4B-00C04F79EFBC}") = "AdventOfCode_2023_Tests", "AdventOfCode_2023_Tests\AdventOfCode_2023_Tests.csproj", "{07320BD5-8358-4802-96E4-EE654E88EF35}"
EndProject
Global
	GlobalSection(SolutionConfigurationPlatforms) = preSolution
		Debug|Any CPU = Debug|Any CPU
		Release|Any CPU = Release|Any CPU
	EndGlobalSection
	GlobalSection(ProjectConfigurationPlatforms) = postSolution
		{E0DC0D7C-DFB0-4AC3-B30A-D25A11E45CE3}.Debug|Any CPU.ActiveCfg = Debug|Any CPU
		{E0DC0D7C-DFB0-4AC3-B30A-D25A11E45CE3}.Debug|Any CPU.Build.0 = Debug|Any CPU
		{E0DC0D7C-DFB0-4AC3-B30A-D25A11E45CE3}.Release|Any CPU.ActiveCfg = Release|Any CPU
		{E0DC0D7C-DFB0-4AC3-B30A-D25A11E45CE3}.Release|Any CPU.Build.0 = Release|Any CPU
		{07320BD5-8358-4802-96E4-EE654E88EF35}.Debug|Any CPU.ActiveCfg = Debug|Any CPU
		{07320BD5-8358-4802-96E4-EE654E88EF35}.Debug|Any CPU.Build.0 = Debug|Any CPU
		{07320BD5-8358-4802-96E4-EE654E88EF35}.Release|Any CPU.ActiveCfg = Release|Any CPU
		{07320BD5-8358-4802-96E4-EE654E88EF35}.Release|Any CPU.Build.0 = Release|Any CPU
	EndGlobalSection
EndGlobal
